// !$*UTF8*$!
{
	archiveVersion = 1;
	classes = {
	};
	objectVersion = 50;
	objects = {

/* Begin PBXBuildFile section */
		7E4DD48920C5E4FC00B71AF5 /* AppDelegate.m in Sources */ = {isa = PBXBuildFile; fileRef = 7E4DD48820C5E4FC00B71AF5 /* AppDelegate.m */; };
		7E4DD48F20C5E4FC00B71AF5 /* Main.storyboard in Resources */ = {isa = PBXBuildFile; fileRef = 7E4DD48D20C5E4FC00B71AF5 /* Main.storyboard */; };
		7E4DD49120C5E4FC00B71AF5 /* Assets.xcassets in Resources */ = {isa = PBXBuildFile; fileRef = 7E4DD49020C5E4FC00B71AF5 /* Assets.xcassets */; };
		7E4DD49420C5E4FC00B71AF5 /* LaunchScreen.storyboard in Resources */ = {isa = PBXBuildFile; fileRef = 7E4DD49220C5E4FC00B71AF5 /* LaunchScreen.storyboard */; };
		7E4DD49720C5E4FD00B71AF5 /* main.m in Sources */ = {isa = PBXBuildFile; fileRef = 7E4DD49620C5E4FD00B71AF5 /* main.m */; };
		7E4DD4A420C5E9C400B71AF5 /* AMEntry.m in Sources */ = {isa = PBXBuildFile; fileRef = 7E4DD4A320C5E9C400B71AF5 /* AMEntry.m */; };
		7E4DD4A720C5EE7500B71AF5 /* AMEntryModelConroller.m in Sources */ = {isa = PBXBuildFile; fileRef = 7E4DD4A620C5EE7500B71AF5 /* AMEntryModelConroller.m */; };
		7E4DD4AA20C5F45B00B71AF5 /* AMEntryListTableViewController.m in Sources */ = {isa = PBXBuildFile; fileRef = 7E4DD4A920C5F45B00B71AF5 /* AMEntryListTableViewController.m */; };
		7E4DD4AD20C5F47900B71AF5 /* AMEntryDetailViewController.m in Sources */ = {isa = PBXBuildFile; fileRef = 7E4DD4AC20C5F47900B71AF5 /* AMEntryDetailViewController.m */; };
/* End PBXBuildFile section */

/* Begin PBXFileReference section */
		7E4DD48420C5E4FC00B71AF5 /* JournalObjC.app */ = {isa = PBXFileReference; explicitFileType = wrapper.application; includeInIndex = 0; path = JournalObjC.app; sourceTree = BUILT_PRODUCTS_DIR; };
		7E4DD48720C5E4FC00B71AF5 /* AppDelegate.h */ = {isa = PBXFileReference; lastKnownFileType = sourcecode.c.h; path = AppDelegate.h; sourceTree = "<group>"; };
		7E4DD48820C5E4FC00B71AF5 /* AppDelegate.m */ = {isa = PBXFileReference; lastKnownFileType = sourcecode.c.objc; path = AppDelegate.m; sourceTree = "<group>"; };
		7E4DD48E20C5E4FC00B71AF5 /* Base */ = {isa = PBXFileReference; lastKnownFileType = file.storyboard; name = Base; path = Base.lproj/Main.storyboard; sourceTree = "<group>"; };
		7E4DD49020C5E4FC00B71AF5 /* Assets.xcassets */ = {isa = PBXFileReference; lastKnownFileType = folder.assetcatalog; path = Assets.xcassets; sourceTree = "<group>"; };
		7E4DD49320C5E4FC00B71AF5 /* Base */ = {isa = PBXFileReference; lastKnownFileType = file.storyboard; name = Base; path = Base.lproj/LaunchScreen.storyboard; sourceTree = "<group>"; };
		7E4DD49520C5E4FD00B71AF5 /* Info.plist */ = {isa = PBXFileReference; lastKnownFileType = text.plist.xml; path = Info.plist; sourceTree = "<group>"; };
		7E4DD49620C5E4FD00B71AF5 /* main.m */ = {isa = PBXFileReference; lastKnownFileType = sourcecode.c.objc; path = main.m; sourceTree = "<group>"; };
		7E4DD4A220C5E9C400B71AF5 /* AMEntry.h */ = {isa = PBXFileReference; lastKnownFileType = sourcecode.c.h; path = AMEntry.h; sourceTree = "<group>"; };
		7E4DD4A320C5E9C400B71AF5 /* AMEntry.m */ = {isa = PBXFileReference; lastKnownFileType = sourcecode.c.objc; path = AMEntry.m; sourceTree = "<group>"; };
		7E4DD4A520C5EE7500B71AF5 /* AMEntryModelConroller.h */ = {isa = PBXFileReference; lastKnownFileType = sourcecode.c.h; path = AMEntryModelConroller.h; sourceTree = "<group>"; };
		7E4DD4A620C5EE7500B71AF5 /* AMEntryModelConroller.m */ = {isa = PBXFileReference; lastKnownFileType = sourcecode.c.objc; path = AMEntryModelConroller.m; sourceTree = "<group>"; };
		7E4DD4A820C5F45B00B71AF5 /* AMEntryListTableViewController.h */ = {isa = PBXFileReference; lastKnownFileType = sourcecode.c.h; path = AMEntryListTableViewController.h; sourceTree = "<group>"; };
		7E4DD4A920C5F45B00B71AF5 /* AMEntryListTableViewController.m */ = {isa = PBXFileReference; lastKnownFileType = sourcecode.c.objc; path = AMEntryListTableViewController.m; sourceTree = "<group>"; };
		7E4DD4AB20C5F47900B71AF5 /* AMEntryDetailViewController.h */ = {isa = PBXFileReference; lastKnownFileType = sourcecode.c.h; path = AMEntryDetailViewController.h; sourceTree = "<group>"; };
		7E4DD4AC20C5F47900B71AF5 /* AMEntryDetailViewController.m */ = {isa = PBXFileReference; lastKnownFileType = sourcecode.c.objc; path = AMEntryDetailViewController.m; sourceTree = "<group>"; };
/* End PBXFileReference section */

/* Begin PBXFrameworksBuildPhase section */
		7E4DD48120C5E4FC00B71AF5 /* Frameworks */ = {
			isa = PBXFrameworksBuildPhase;
			buildActionMask = 2147483647;
			files = (
			);
			runOnlyForDeploymentPostprocessing = 0;
		};
/* End PBXFrameworksBuildPhase section */

/* Begin PBXGroup section */
		7E4DD47B20C5E4FC00B71AF5 = {
			isa = PBXGroup;
			children = (
				7E4DD48620C5E4FC00B71AF5 /* JournalObjC */,
				7E4DD48520C5E4FC00B71AF5 /* Products */,
			);
			sourceTree = "<group>";
		};
		7E4DD48520C5E4FC00B71AF5 /* Products */ = {
			isa = PBXGroup;
			children = (
				7E4DD48420C5E4FC00B71AF5 /* JournalObjC.app */,
			);
			name = Products;
			sourceTree = "<group>";
		};
		7E4DD48620C5E4FC00B71AF5 /* JournalObjC */ = {
			isa = PBXGroup;
			children = (
				7E4DD4A120C5E5CC00B71AF5 /* Views */,
				7E4DD4A020C5E5C100B71AF5 /* ViewControllers */,
				7E4DD49F20C5E59900B71AF5 /* ModelControllers */,
				7E4DD49D20C5E57800B71AF5 /* Model */,
				7E4DD49E20C5E58700B71AF5 /* Reasources */,
			);
			path = JournalObjC;
			sourceTree = "<group>";
		};
		7E4DD49D20C5E57800B71AF5 /* Model */ = {
			isa = PBXGroup;
			children = (
				7E4DD4A220C5E9C400B71AF5 /* AMEntry.h */,
				7E4DD4A320C5E9C400B71AF5 /* AMEntry.m */,
			);
			path = Model;
			sourceTree = "<group>";
		};
		7E4DD49E20C5E58700B71AF5 /* Reasources */ = {
			isa = PBXGroup;
			children = (
				7E4DD48720C5E4FC00B71AF5 /* AppDelegate.h */,
				7E4DD48820C5E4FC00B71AF5 /* AppDelegate.m */,
				7E4DD49020C5E4FC00B71AF5 /* Assets.xcassets */,
				7E4DD49520C5E4FD00B71AF5 /* Info.plist */,
				7E4DD49620C5E4FD00B71AF5 /* main.m */,
			);
			path = Reasources;
			sourceTree = "<group>";
		};
		7E4DD49F20C5E59900B71AF5 /* ModelControllers */ = {
			isa = PBXGroup;
			children = (
				7E4DD4A520C5EE7500B71AF5 /* AMEntryModelConroller.h */,
				7E4DD4A620C5EE7500B71AF5 /* AMEntryModelConroller.m */,
			);
			path = ModelControllers;
			sourceTree = "<group>";
		};
		7E4DD4A020C5E5C100B71AF5 /* ViewControllers */ = {
			isa = PBXGroup;
			children = (
				7E4DD4A820C5F45B00B71AF5 /* AMEntryListTableViewController.h */,
				7E4DD4A920C5F45B00B71AF5 /* AMEntryListTableViewController.m */,
				7E4DD4AB20C5F47900B71AF5 /* AMEntryDetailViewController.h */,
				7E4DD4AC20C5F47900B71AF5 /* AMEntryDetailViewController.m */,
			);
			path = ViewControllers;
			sourceTree = "<group>";
		};
		7E4DD4A120C5E5CC00B71AF5 /* Views */ = {
			isa = PBXGroup;
			children = (
				7E4DD48D20C5E4FC00B71AF5 /* Main.storyboard */,
				7E4DD49220C5E4FC00B71AF5 /* LaunchScreen.storyboard */,
			);
			path = Views;
			sourceTree = "<group>";
		};
/* End PBXGroup section */

/* Begin PBXNativeTarget section */
		7E4DD48320C5E4FC00B71AF5 /* JournalObjC */ = {
			isa = PBXNativeTarget;
			buildConfigurationList = 7E4DD49A20C5E4FD00B71AF5 /* Build configuration list for PBXNativeTarget "JournalObjC" */;
			buildPhases = (
				7E4DD48020C5E4FC00B71AF5 /* Sources */,
				7E4DD48120C5E4FC00B71AF5 /* Frameworks */,
				7E4DD48220C5E4FC00B71AF5 /* Resources */,
			);
			buildRules = (
			);
			dependencies = (
			);
			name = JournalObjC;
			productName = JournalObjC;
			productReference = 7E4DD48420C5E4FC00B71AF5 /* JournalObjC.app */;
			productType = "com.apple.product-type.application";
		};
/* End PBXNativeTarget section */

/* Begin PBXProject section */
		7E4DD47C20C5E4FC00B71AF5 /* Project object */ = {
			isa = PBXProject;
			attributes = {
				CLASSPREFIX = AM;
				LastUpgradeCheck = 0940;
				ORGANIZATIONNAME = "Adam Moskovich";
				TargetAttributes = {
					7E4DD48320C5E4FC00B71AF5 = {
						CreatedOnToolsVersion = 9.4;
					};
				};
			};
			buildConfigurationList = 7E4DD47F20C5E4FC00B71AF5 /* Build configuration list for PBXProject "JournalObjC" */;
			compatibilityVersion = "Xcode 9.3";
			developmentRegion = en;
			hasScannedForEncodings = 0;
			knownRegions = (
				en,
				Base,
			);
			mainGroup = 7E4DD47B20C5E4FC00B71AF5;
			productRefGroup = 7E4DD48520C5E4FC00B71AF5 /* Products */;
			projectDirPath = "";
			projectRoot = "";
			targets = (
				7E4DD48320C5E4FC00B71AF5 /* JournalObjC */,
			);
		};
/* End PBXProject section */

/* Begin PBXResourcesBuildPhase section */
		7E4DD48220C5E4FC00B71AF5 /* Resources */ = {
			isa = PBXResourcesBuildPhase;
			buildActionMask = 2147483647;
			files = (
				7E4DD49420C5E4FC00B71AF5 /* LaunchScreen.storyboard in Resources */,
				7E4DD49120C5E4FC00B71AF5 /* Assets.xcassets in Resources */,
				7E4DD48F20C5E4FC00B71AF5 /* Main.storyboard in Resources */,
			);
			runOnlyForDeploymentPostprocessing = 0;
		};
/* End PBXResourcesBuildPhase section */

/* Begin PBXSourcesBuildPhase section */
		7E4DD48020C5E4FC00B71AF5 /* Sources */ = {
			isa = PBXSourcesBuildPhase;
			buildActionMask = 2147483647;
			files = (
				7E4DD49720C5E4FD00B71AF5 /* main.m in Sources */,
				7E4DD4AA20C5F45B00B71AF5 /* AMEntryListTableViewController.m in Sources */,
				7E4DD4A420C5E9C400B71AF5 /* AMEntry.m in Sources */,
				7E4DD48920C5E4FC00B71AF5 /* AppDelegate.m in Sources */,
				7E4DD4AD20C5F47900B71AF5 /* AMEntryDetailViewController.m in Sources */,
				7E4DD4A720C5EE7500B71AF5 /* AMEntryModelConroller.m in Sources */,
			);
			runOnlyForDeploymentPostprocessing = 0;
		};
/* End PBXSourcesBuildPhase section */

/* Begin PBXVariantGroup section */
		7E4DD48D20C5E4FC00B71AF5 /* Main.storyboard */ = {
			isa = PBXVariantGroup;
			children = (
				7E4DD48E20C5E4FC00B71AF5 /* Base */,
			);
			name = Main.storyboard;
			sourceTree = "<group>";
		};
		7E4DD49220C5E4FC00B71AF5 /* LaunchScreen.storyboard */ = {
			isa = PBXVariantGroup;
			children = (
				7E4DD49320C5E4FC00B71AF5 /* Base */,
			);
			name = LaunchScreen.storyboard;
			sourceTree = "<group>";
		};
/* End PBXVariantGroup section */

/* Begin XCBuildConfiguration section */
		7E4DD49820C5E4FD00B71AF5 /* Debug */ = {
			isa = XCBuildConfiguration;
			buildSettings = {
				ALWAYS_SEARCH_USER_PATHS = NO;
				CLANG_ANALYZER_NONNULL = YES;
				CLANG_ANALYZER_NUMBER_OBJECT_CONVERSION = YES_AGGRESSIVE;
				CLANG_CXX_LANGUAGE_STANDARD = "gnu++14";
				CLANG_CXX_LIBRARY = "libc++";
				CLANG_ENABLE_MODULES = YES;
				CLANG_ENABLE_OBJC_ARC = YES;
				CLANG_ENABLE_OBJC_WEAK = YES;
				CLANG_WARN_BLOCK_CAPTURE_AUTORELEASING = YES;
				CLANG_WARN_BOOL_CONVERSION = YES;
				CLANG_WARN_COMMA = YES;
				CLANG_WARN_CONSTANT_CONVERSION = YES;
				CLANG_WARN_DEPRECATED_OBJC_IMPLEMENTATIONS = YES;
				CLANG_WARN_DIRECT_OBJC_ISA_USAGE = YES_ERROR;
				CLANG_WARN_DOCUMENTATION_COMMENTS = YES;
				CLANG_WARN_EMPTY_BODY = YES;
				CLANG_WARN_ENUM_CONVERSION = YES;
				CLANG_WARN_INFINITE_RECURSION = YES;
				CLANG_WARN_INT_CONVERSION = YES;
				CLANG_WARN_NON_LITERAL_NULL_CONVERSION = YES;
				CLANG_WARN_OBJC_IMPLICIT_RETAIN_SELF = YES;
				CLANG_WARN_OBJC_LITERAL_CONVERSION = YES;
				CLANG_WARN_OBJC_ROOT_CLASS = YES_ERROR;
				CLANG_WARN_RANGE_LOOP_ANALYSIS = YES;
				CLANG_WARN_STRICT_PROTOTYPES = YES;
				CLANG_WARN_SUSPICIOUS_MOVE = YES;
				CLANG_WARN_UNGUARDED_AVAILABILITY = YES_AGGRESSIVE;
				CLANG_WARN_UNREACHABLE_CODE = YES;
				CLANG_WARN__DUPLICATE_METHOD_MATCH = YES;
				CODE_SIGN_IDENTITY = "iPhone Developer";
				COPY_PHASE_STRIP = NO;
				DEBUG_INFORMATION_FORMAT = dwarf;
				ENABLE_STRICT_OBJC_MSGSEND = YES;
				ENABLE_TESTABILITY = YES;
				GCC_C_LANGUAGE_STANDARD = gnu11;
				GCC_DYNAMIC_NO_PIC = NO;
				GCC_NO_COMMON_BLOCKS = YES;
				GCC_OPTIMIZATION_LEVEL = 0;
				GCC_PREPROCESSOR_DEFINITIONS = (
					"DEBUG=1",
					"$(inherited)",
				);
				GCC_WARN_64_TO_32_BIT_CONVERSION = YES;
				GCC_WARN_ABOUT_RETURN_TYPE = YES_ERROR;
				GCC_WARN_UNDECLARED_SELECTOR = YES;
				GCC_WARN_UNINITIALIZED_AUTOS = YES_AGGRESSIVE;
				GCC_WARN_UNUSED_FUNCTION = YES;
				GCC_WARN_UNUSED_VARIABLE = YES;
				IPHONEOS_DEPLOYMENT_TARGET = 11.4;
				MTL_ENABLE_DEBUG_INFO = YES;
				ONLY_ACTIVE_ARCH = YES;
				SDKROOT = iphoneos;
			};
			name = Debug;
		};
		7E4DD49920C5E4FD00B71AF5 /* Release */ = {
			isa = XCBuildConfiguration;
			buildSettings = {
				ALWAYS_SEARCH_USER_PATHS = NO;
				CLANG_ANALYZER_NONNULL = YES;
				CLANG_ANALYZER_NUMBER_OBJECT_CONVERSION = YES_AGGRESSIVE;
				CLANG_CXX_LANGUAGE_STANDARD = "gnu++14";
				CLANG_CXX_LIBRARY = "libc++";
				CLANG_ENABLE_MODULES = YES;
				CLANG_ENABLE_OBJC_ARC = YES;
				CLANG_ENABLE_OBJC_WEAK = YES;
				CLANG_WARN_BLOCK_CAPTURE_AUTORELEASING = YES;
				CLANG_WARN_BOOL_CONVERSION = YES;
				CLANG_WARN_COMMA = YES;
				CLANG_WARN_CONSTANT_CONVERSION = YES;
				CLANG_WARN_DEPRECATED_OBJC_IMPLEMENTATIONS = YES;
				CLANG_WARN_DIRECT_OBJC_ISA_USAGE = YES_ERROR;
				CLANG_WARN_DOCUMENTATION_COMMENTS = YES;
				CLANG_WARN_EMPTY_BODY = YES;
				CLANG_WARN_ENUM_CONVERSION = YES;
				CLANG_WARN_INFINITE_RECURSION = YES;
				CLANG_WARN_INT_CONVERSION = YES;
				CLANG_WARN_NON_LITERAL_NULL_CONVERSION = YES;
				CLANG_WARN_OBJC_IMPLICIT_RETAIN_SELF = YES;
				CLANG_WARN_OBJC_LITERAL_CONVERSION = YES;
				CLANG_WARN_OBJC_ROOT_CLASS = YES_ERROR;
				CLANG_WARN_RANGE_LOOP_ANALYSIS = YES;
				CLANG_WARN_STRICT_PROTOTYPES = YES;
				CLANG_WARN_SUSPICIOUS_MOVE = YES;
				CLANG_WARN_UNGUARDED_AVAILABILITY = YES_AGGRESSIVE;
				CLANG_WARN_UNREACHABLE_CODE = YES;
				CLANG_WARN__DUPLICATE_METHOD_MATCH = YES;
				CODE_SIGN_IDENTITY = "iPhone Developer";
				COPY_PHASE_STRIP = NO;
				DEBUG_INFORMATION_FORMAT = "dwarf-with-dsym";
				ENABLE_NS_ASSERTIONS = NO;
				ENABLE_STRICT_OBJC_MSGSEND = YES;
				GCC_C_LANGUAGE_STANDARD = gnu11;
				GCC_NO_COMMON_BLOCKS = YES;
				GCC_WARN_64_TO_32_BIT_CONVERSION = YES;
				GCC_WARN_ABOUT_RETURN_TYPE = YES_ERROR;
				GCC_WARN_UNDECLARED_SELECTOR = YES;
				GCC_WARN_UNINITIALIZED_AUTOS = YES_AGGRESSIVE;
				GCC_WARN_UNUSED_FUNCTION = YES;
				GCC_WARN_UNUSED_VARIABLE = YES;
				IPHONEOS_DEPLOYMENT_TARGET = 11.4;
				MTL_ENABLE_DEBUG_INFO = NO;
				SDKROOT = iphoneos;
				VALIDATE_PRODUCT = YES;
			};
			name = Release;
		};
		7E4DD49B20C5E4FD00B71AF5 /* Debug */ = {
			isa = XCBuildConfiguration;
			buildSettings = {
				ASSETCATALOG_COMPILER_APPICON_NAME = AppIcon;
				CODE_SIGN_STYLE = Automatic;
				DEVELOPMENT_TEAM = DBM67E5D74;
				INFOPLIST_FILE = "$(SRCROOT)/JournalObjC/Reasources/Info.plist";
				LD_RUNPATH_SEARCH_PATHS = (
					"$(inherited)",
					"@executable_path/Frameworks",
				);
				PRODUCT_BUNDLE_IDENTIFIER = com.adammoskovich.JournalObjC;
				PRODUCT_NAME = "$(TARGET_NAME)";
				TARGETED_DEVICE_FAMILY = "1,2";
			};
			name = Debug;
		};
		7E4DD49C20C5E4FD00B71AF5 /* Release */ = {
			isa = XCBuildConfiguration;
			buildSettings = {
				ASSETCATALOG_COMPILER_APPICON_NAME = AppIcon;
				CODE_SIGN_STYLE = Automatic;
				DEVELOPMENT_TEAM = DBM67E5D74;
				INFOPLIST_FILE = "$(SRCROOT)/JournalObjC/Reasources/Info.plist";
				LD_RUNPATH_SEARCH_PATHS = (
					"$(inherited)",
					"@executable_path/Frameworks",
				);
				PRODUCT_BUNDLE_IDENTIFIER = com.adammoskovich.JournalObjC;
				PRODUCT_NAME = "$(TARGET_NAME)";
				TARGETED_DEVICE_FAMILY = "1,2";
			};
			name = Release;
		};
/* End XCBuildConfiguration section */

/* Begin XCConfigurationList section */
		7E4DD47F20C5E4FC00B71AF5 /* Build configuration list for PBXProject "JournalObjC" */ = {
			isa = XCConfigurationList;
			buildConfigurations = (
				7E4DD49820C5E4FD00B71AF5 /* Debug */,
				7E4DD49920C5E4FD00B71AF5 /* Release */,
			);
			defaultConfigurationIsVisible = 0;
			defaultConfigurationName = Release;
		};
		7E4DD49A20C5E4FD00B71AF5 /* Build configuration list for PBXNativeTarget "JournalObjC" */ = {
			isa = XCConfigurationList;
			buildConfigurations = (
				7E4DD49B20C5E4FD00B71AF5 /* Debug */,
				7E4DD49C20C5E4FD00B71AF5 /* Release */,
			);
			defaultConfigurationIsVisible = 0;
			defaultConfigurationName = Release;
		};
/* End XCConfigurationList section */
	};
	rootObject = 7E4DD47C20C5E4FC00B71AF5 /* Project object */;
}
